
Microsoft Visual Studio Solution File, Format Version 12.00
# Visual Studio Version 16
VisualStudioVersion = 16.0.33529.622
MinimumVisualStudioVersion = 10.0.40219.1
Project("{FAE04EC0-301F-11D3-BF4B-00C04F79EFBC}") = "PodiumPlugin", "PodiumPlugin.csproj", "{DD83E497-9F8B-452A-A3D7-9FD1D04CA431}"
EndProject
Global
	GlobalSection(SolutionConfigurationPlatforms) = preSolution
		Debug|Any CPU = Debug|Any CPU
		Release|Any CPU = Release|Any CPU
	EndGlobalSection
	GlobalSection(ProjectConfigurationPlatforms) = postSolution
		{DD83E497-9F8B-452A-A3D7-9FD1D04CA431}.Debug|Any CPU.ActiveCfg = Debug|Any CPU
		{DD83E497-9F8B-452A-A3D7-9FD1D04CA431}.Debug|Any CPU.Build.0 = Debug|Any CPU
		{DD83E497-9F8B-452A-A3D7-9FD1D04CA431}.Release|Any CPU.ActiveCfg = Release|Any CPU
		{DD83E497-9F8B-452A-A3D7-9FD1D04CA431}.Release|Any CPU.Build.0 = Release|Any CPU
	EndGlobalSection
	GlobalSection(SolutionProperties) = preSolution
		HideSolutionNode = FALSE
	EndGlobalSection
	GlobalSection(ExtensibilityGlobals) = postSolution
		SolutionGuid = {230A1796-C74A-44F1-8FBB-2F7437B40AA5}
	EndGlobalSection
EndGlobal
